
Microsoft Visual Studio Solution File, Format Version 12.00
# Visual Studio Version 17
VisualStudioVersion = 17.1.32414.318
MinimumVisualStudioVersion = 10.0.40219.1
Project("{E24C65DC-7377-472B-9ABA-BC803B73C61A}") = "Homework5", ".", "{4970A5ED-AEB2-4655-A7E5-B4514A8C46E4}"
	ProjectSection(WebsiteProperties) = preProject
		TargetFrameworkMoniker = ".NETFramework,Version%3Dv4.7.2"
		Debug.AspNetCompiler.VirtualPath = "/localhost_53166"
		Debug.AspNetCompiler.PhysicalPath = "..\Homework5\"
		Debug.AspNetCompiler.TargetPath = "PrecompiledWeb\localhost_53166\"
		Debug.AspNetCompiler.Updateable = "true"
		Debug.AspNetCompiler.ForceOverwrite = "true"
		Debug.AspNetCompiler.FixedNames = "false"
		Debug.AspNetCompiler.Debug = "True"
		Release.AspNetCompiler.VirtualPath = "/localhost_53166"
		Release.AspNetCompiler.PhysicalPath = "..\Homework5\"
		Release.AspNetCompiler.TargetPath = "PrecompiledWeb\localhost_53166\"
		Release.AspNetCompiler.Updateable = "true"
		Release.AspNetCompiler.ForceOverwrite = "true"
		Release.AspNetCompiler.FixedNames = "false"
		Release.AspNetCompiler.Debug = "False"
		VWDPort = "53166"
		SlnRelativePath = "..\Homework5\"
		DefaultWebSiteLanguage = "Visual C#"
	EndProjectSection
EndProject
Global
	GlobalSection(SolutionConfigurationPlatforms) = preSolution
		Debug|Any CPU = Debug|Any CPU
	EndGlobalSection
	GlobalSection(ProjectConfigurationPlatforms) = postSolution
		{4970A5ED-AEB2-4655-A7E5-B4514A8C46E4}.Debug|Any CPU.ActiveCfg = Debug|Any CPU
		{4970A5ED-AEB2-4655-A7E5-B4514A8C46E4}.Debug|Any CPU.Build.0 = Debug|Any CPU
	EndGlobalSection
	GlobalSection(SolutionProperties) = preSolution
		HideSolutionNode = FALSE
	EndGlobalSection
	GlobalSection(ExtensibilityGlobals) = postSolution
		SolutionGuid = {F5812C96-95E1-407B-9488-3832415763F9}
	EndGlobalSection
EndGlobal
