
Microsoft Visual Studio Solution File, Format Version 12.00
# Visual Studio Version 17
VisualStudioVersion = 17.0.32112.339
MinimumVisualStudioVersion = 10.0.40219.1
Project("{FAE04EC0-301F-11D3-BF4B-00C04F79EFBC}") = "ActivityTwoWCFAppClient", "ActivityTwoWCFAppClient.csproj", "{C073F82D-5AB4-46A4-B28C-8D6B686487FC}"
EndProject
Project("{FAE04EC0-301F-11D3-BF4B-00C04F79EFBC}") = "ActivityTwoConsoleAppClient", "..\ActivityTwoConsoleAppClient\ActivityTwoConsoleAppClient.csproj", "{C9393543-BC22-4FA6-A3C6-B27842EEAA70}"
	ProjectSection(ProjectDependencies) = postProject
		{C073F82D-5AB4-46A4-B28C-8D6B686487FC} = {C073F82D-5AB4-46A4-B28C-8D6B686487FC}
	EndProjectSection
EndProject
Global
	GlobalSection(SolutionConfigurationPlatforms) = preSolution
		Debug|Any CPU = Debug|Any CPU
		Release|Any CPU = Release|Any CPU
	EndGlobalSection
	GlobalSection(ProjectConfigurationPlatforms) = postSolution
		{C073F82D-5AB4-46A4-B28C-8D6B686487FC}.Debug|Any CPU.ActiveCfg = Debug|Any CPU
		{C073F82D-5AB4-46A4-B28C-8D6B686487FC}.Debug|Any CPU.Build.0 = Debug|Any CPU
		{C073F82D-5AB4-46A4-B28C-8D6B686487FC}.Release|Any CPU.ActiveCfg = Release|Any CPU
		{C073F82D-5AB4-46A4-B28C-8D6B686487FC}.Release|Any CPU.Build.0 = Release|Any CPU
		{C9393543-BC22-4FA6-A3C6-B27842EEAA70}.Debug|Any CPU.ActiveCfg = Debug|Any CPU
		{C9393543-BC22-4FA6-A3C6-B27842EEAA70}.Debug|Any CPU.Build.0 = Debug|Any CPU
		{C9393543-BC22-4FA6-A3C6-B27842EEAA70}.Release|Any CPU.ActiveCfg = Release|Any CPU
		{C9393543-BC22-4FA6-A3C6-B27842EEAA70}.Release|Any CPU.Build.0 = Release|Any CPU
	EndGlobalSection
	GlobalSection(SolutionProperties) = preSolution
		HideSolutionNode = FALSE
	EndGlobalSection
	GlobalSection(ExtensibilityGlobals) = postSolution
		SolutionGuid = {A4C0650D-FB29-422C-8FBA-AF8356720DC0}
	EndGlobalSection
EndGlobal
